
Microsoft Visual Studio Solution File, Format Version 12.00
# Visual Studio Version 17
VisualStudioVersion = 17.11.35327.3
MinimumVisualStudioVersion = 10.0.40219.1
Project("{FAE04EC0-301F-11D3-BF4B-00C04F79EFBC}") = "MyPortfolio", "MyPortfolio.csproj", "{530AEDF0-517D-4B7C-8A89-340F81BC5D5F}"
EndProject
Global
	GlobalSection(SolutionConfigurationPlatforms) = preSolution
		Debug|Any CPU = Debug|Any CPU
		Release|Any CPU = Release|Any CPU
	EndGlobalSection
	GlobalSection(ProjectConfigurationPlatforms) = postSolution
		{530AEDF0-517D-4B7C-8A89-340F81BC5D5F}.Debug|Any CPU.ActiveCfg = Debug|Any CPU
		{530AEDF0-517D-4B7C-8A89-340F81BC5D5F}.Debug|Any CPU.Build.0 = Debug|Any CPU
		{530AEDF0-517D-4B7C-8A89-340F81BC5D5F}.Release|Any CPU.ActiveCfg = Release|Any CPU
		{530AEDF0-517D-4B7C-8A89-340F81BC5D5F}.Release|Any CPU.Build.0 = Release|Any CPU
	EndGlobalSection
	GlobalSection(SolutionProperties) = preSolution
		HideSolutionNode = FALSE
	EndGlobalSection
	GlobalSection(ExtensibilityGlobals) = postSolution
		SolutionGuid = {6F0CB81B-0A83-458E-81B9-E65412972F08}
	EndGlobalSection
EndGlobal
